// !$*UTF8*$!
{
	archiveVersion = 1;
	classes = {
	};
	objectVersion = 46;
	objects = {

/* Begin PBXBuildFile section */
		42748E96430A322D152DBC5B /* libPods-ios-swift-webview.a in Frameworks */ = {isa = PBXBuildFile; fileRef = 2A1920F127710507EB62E2F3 /* libPods-ios-swift-webview.a */; };
		B5B8E8921A9ACFF700E3BF0C /* AppDelegate.swift in Sources */ = {isa = PBXBuildFile; fileRef = B5B8E8911A9ACFF700E3BF0C /* AppDelegate.swift */; };
		B5B8E8941A9ACFF700E3BF0C /* ViewController.swift in Sources */ = {isa = PBXBuildFile; fileRef = B5B8E8931A9ACFF700E3BF0C /* ViewController.swift */; };
		B5B8E8971A9ACFF700E3BF0C /* Main.storyboard in Resources */ = {isa = PBXBuildFile; fileRef = B5B8E8951A9ACFF700E3BF0C /* Main.storyboard */; };
		B5B8E8991A9ACFF700E3BF0C /* Images.xcassets in Resources */ = {isa = PBXBuildFile; fileRef = B5B8E8981A9ACFF700E3BF0C /* Images.xcassets */; };
		B5B8E89C1A9ACFF700E3BF0C /* LaunchScreen.xib in Resources */ = {isa = PBXBuildFile; fileRef = B5B8E89A1A9ACFF700E3BF0C /* LaunchScreen.xib */; };
		B5B8E8A81A9ACFF700E3BF0C /* ios_swift_webviewTests.swift in Sources */ = {isa = PBXBuildFile; fileRef = B5B8E8A71A9ACFF700E3BF0C /* ios_swift_webviewTests.swift */; };
		B5B8E8B31A9AD80800E3BF0C /* WebKit.framework in Frameworks */ = {isa = PBXBuildFile; fileRef = B5B8E8B21A9AD80800E3BF0C /* WebKit.framework */; };
		B5B8E8B51A9AD8E900E3BF0C /* Tweaks.swift in Sources */ = {isa = PBXBuildFile; fileRef = B5B8E8B41A9AD8E900E3BF0C /* Tweaks.swift */; };
/* End PBXBuildFile section */

/* Begin PBXContainerItemProxy section */
		B5B8E8A21A9ACFF700E3BF0C /* PBXContainerItemProxy */ = {
			isa = PBXContainerItemProxy;
			containerPortal = B5B8E8841A9ACFF700E3BF0C /* Project object */;
			proxyType = 1;
			remoteGlobalIDString = B5B8E88B1A9ACFF700E3BF0C;
			remoteInfo = "ios-swift-webview";
		};
/* End PBXContainerItemProxy section */

/* Begin PBXFileReference section */
		1002F6D334675A38CE08D7F5 /* Pods-ios-swift-webview.release.xcconfig */ = {isa = PBXFileReference; includeInIndex = 1; lastKnownFileType = text.xcconfig; name = "Pods-ios-swift-webview.release.xcconfig"; path = "Pods/Target Support Files/Pods-ios-swift-webview/Pods-ios-swift-webview.release.xcconfig"; sourceTree = "<group>"; };
		2A1920F127710507EB62E2F3 /* libPods-ios-swift-webview.a */ = {isa = PBXFileReference; explicitFileType = archive.ar; includeInIndex = 0; path = "libPods-ios-swift-webview.a"; sourceTree = BUILT_PRODUCTS_DIR; };
		50DF9F2B25DE43AD0887E1A4 /* Pods-ios-swift-webview.debug.xcconfig */ = {isa = PBXFileReference; includeInIndex = 1; lastKnownFileType = text.xcconfig; name = "Pods-ios-swift-webview.debug.xcconfig"; path = "Pods/Target Support Files/Pods-ios-swift-webview/Pods-ios-swift-webview.debug.xcconfig"; sourceTree = "<group>"; };
		B5B8E88C1A9ACFF700E3BF0C /* ios-swift-webview.app */ = {isa = PBXFileReference; explicitFileType = wrapper.application; includeInIndex = 0; path = "ios-swift-webview.app"; sourceTree = BUILT_PRODUCTS_DIR; };
		B5B8E8901A9ACFF700E3BF0C /* Info.plist */ = {isa = PBXFileReference; lastKnownFileType = text.plist.xml; path = Info.plist; sourceTree = "<group>"; };
		B5B8E8911A9ACFF700E3BF0C /* AppDelegate.swift */ = {isa = PBXFileReference; lastKnownFileType = sourcecode.swift; path = AppDelegate.swift; sourceTree = "<group>"; };
		B5B8E8931A9ACFF700E3BF0C /* ViewController.swift */ = {isa = PBXFileReference; lastKnownFileType = sourcecode.swift; path = ViewController.swift; sourceTree = "<group>"; };
		B5B8E8961A9ACFF700E3BF0C /* Base */ = {isa = PBXFileReference; lastKnownFileType = file.storyboard; name = Base; path = Base.lproj/Main.storyboard; sourceTree = "<group>"; };
		B5B8E8981A9ACFF700E3BF0C /* Images.xcassets */ = {isa = PBXFileReference; lastKnownFileType = folder.assetcatalog; path = Images.xcassets; sourceTree = "<group>"; };
		B5B8E89B1A9ACFF700E3BF0C /* Base */ = {isa = PBXFileReference; lastKnownFileType = file.xib; name = Base; path = Base.lproj/LaunchScreen.xib; sourceTree = "<group>"; };
		B5B8E8A11A9ACFF700E3BF0C /* ios-swift-webviewTests.xctest */ = {isa = PBXFileReference; explicitFileType = wrapper.cfbundle; includeInIndex = 0; path = "ios-swift-webviewTests.xctest"; sourceTree = BUILT_PRODUCTS_DIR; };
		B5B8E8A61A9ACFF700E3BF0C /* Info.plist */ = {isa = PBXFileReference; lastKnownFileType = text.plist.xml; path = Info.plist; sourceTree = "<group>"; };
		B5B8E8A71A9ACFF700E3BF0C /* ios_swift_webviewTests.swift */ = {isa = PBXFileReference; lastKnownFileType = sourcecode.swift; path = ios_swift_webviewTests.swift; sourceTree = "<group>"; };
		B5B8E8B11A9AD7EC00E3BF0C /* BridgingHeader.h */ = {isa = PBXFileReference; lastKnownFileType = sourcecode.c.h; path = BridgingHeader.h; sourceTree = "<group>"; };
		B5B8E8B21A9AD80800E3BF0C /* WebKit.framework */ = {isa = PBXFileReference; lastKnownFileType = wrapper.framework; name = WebKit.framework; path = System/Library/Frameworks/WebKit.framework; sourceTree = SDKROOT; };
		B5B8E8B41A9AD8E900E3BF0C /* Tweaks.swift */ = {isa = PBXFileReference; fileEncoding = 4; lastKnownFileType = sourcecode.swift; path = Tweaks.swift; sourceTree = "<group>"; };
/* End PBXFileReference section */

/* Begin PBXFrameworksBuildPhase section */
		B5B8E8891A9ACFF700E3BF0C /* Frameworks */ = {
			isa = PBXFrameworksBuildPhase;
			buildActionMask = 2147483647;
			files = (
				B5B8E8B31A9AD80800E3BF0C /* WebKit.framework in Frameworks */,
				42748E96430A322D152DBC5B /* libPods-ios-swift-webview.a in Frameworks */,
			);
			runOnlyForDeploymentPostprocessing = 0;
		};
		B5B8E89E1A9ACFF700E3BF0C /* Frameworks */ = {
			isa = PBXFrameworksBuildPhase;
			buildActionMask = 2147483647;
			files = (
			);
			runOnlyForDeploymentPostprocessing = 0;
		};
/* End PBXFrameworksBuildPhase section */

/* Begin PBXGroup section */
		72875972324D2C4477381E4B /* Frameworks */ = {
			isa = PBXGroup;
			children = (
				B5B8E8B21A9AD80800E3BF0C /* WebKit.framework */,
				2A1920F127710507EB62E2F3 /* libPods-ios-swift-webview.a */,
			);
			name = Frameworks;
			sourceTree = "<group>";
		};
		94958CE28166913F230EC458 /* Pods */ = {
			isa = PBXGroup;
			children = (
				50DF9F2B25DE43AD0887E1A4 /* Pods-ios-swift-webview.debug.xcconfig */,
				1002F6D334675A38CE08D7F5 /* Pods-ios-swift-webview.release.xcconfig */,
			);
			name = Pods;
			sourceTree = "<group>";
		};
		B5B8E8831A9ACFF700E3BF0C = {
			isa = PBXGroup;
			children = (
				B5B8E88E1A9ACFF700E3BF0C /* ios-swift-webview */,
				B5B8E8A41A9ACFF700E3BF0C /* ios-swift-webviewTests */,
				B5B8E88D1A9ACFF700E3BF0C /* Products */,
				94958CE28166913F230EC458 /* Pods */,
				72875972324D2C4477381E4B /* Frameworks */,
			);
			sourceTree = "<group>";
		};
		B5B8E88D1A9ACFF700E3BF0C /* Products */ = {
			isa = PBXGroup;
			children = (
				B5B8E88C1A9ACFF700E3BF0C /* ios-swift-webview.app */,
				B5B8E8A11A9ACFF700E3BF0C /* ios-swift-webviewTests.xctest */,
			);
			name = Products;
			sourceTree = "<group>";
		};
		B5B8E88E1A9ACFF700E3BF0C /* ios-swift-webview */ = {
			isa = PBXGroup;
			children = (
				B5B8E8911A9ACFF700E3BF0C /* AppDelegate.swift */,
				B5B8E8931A9ACFF700E3BF0C /* ViewController.swift */,
				B5B8E8B41A9AD8E900E3BF0C /* Tweaks.swift */,
				B5B8E8B11A9AD7EC00E3BF0C /* BridgingHeader.h */,
				B5B8E8951A9ACFF700E3BF0C /* Main.storyboard */,
				B5B8E8981A9ACFF700E3BF0C /* Images.xcassets */,
				B5B8E89A1A9ACFF700E3BF0C /* LaunchScreen.xib */,
				B5B8E88F1A9ACFF700E3BF0C /* Supporting Files */,
			);
			path = "ios-swift-webview";
			sourceTree = "<group>";
		};
		B5B8E88F1A9ACFF700E3BF0C /* Supporting Files */ = {
			isa = PBXGroup;
			children = (
				B5B8E8901A9ACFF700E3BF0C /* Info.plist */,
			);
			name = "Supporting Files";
			sourceTree = "<group>";
		};
		B5B8E8A41A9ACFF700E3BF0C /* ios-swift-webviewTests */ = {
			isa = PBXGroup;
			children = (
				B5B8E8A71A9ACFF700E3BF0C /* ios_swift_webviewTests.swift */,
				B5B8E8A51A9ACFF700E3BF0C /* Supporting Files */,
			);
			path = "ios-swift-webviewTests";
			sourceTree = "<group>";
		};
		B5B8E8A51A9ACFF700E3BF0C /* Supporting Files */ = {
			isa = PBXGroup;
			children = (
				B5B8E8A61A9ACFF700E3BF0C /* Info.plist */,
			);
			name = "Supporting Files";
			sourceTree = "<group>";
		};
/* End PBXGroup section */

/* Begin PBXNativeTarget section */
		B5B8E88B1A9ACFF700E3BF0C /* ios-swift-webview */ = {
			isa = PBXNativeTarget;
			buildConfigurationList = B5B8E8AB1A9ACFF700E3BF0C /* Build configuration list for PBXNativeTarget "ios-swift-webview" */;
			buildPhases = (
				A073E4401119F5642662B257 /* Check Pods Manifest.lock */,
				B5B8E8881A9ACFF700E3BF0C /* Sources */,
				B5B8E8891A9ACFF700E3BF0C /* Frameworks */,
				B5B8E88A1A9ACFF700E3BF0C /* Resources */,
				9C654B007427DD6C5F762D83 /* Copy Pods Resources */,
			);
			buildRules = (
			);
			dependencies = (
			);
			name = "ios-swift-webview";
			productName = "ios-swift-webview";
			productReference = B5B8E88C1A9ACFF700E3BF0C /* ios-swift-webview.app */;
			productType = "com.apple.product-type.application";
		};
		B5B8E8A01A9ACFF700E3BF0C /* ios-swift-webviewTests */ = {
			isa = PBXNativeTarget;
			buildConfigurationList = B5B8E8AE1A9ACFF700E3BF0C /* Build configuration list for PBXNativeTarget "ios-swift-webviewTests" */;
			buildPhases = (
				B5B8E89D1A9ACFF700E3BF0C /* Sources */,
				B5B8E89E1A9ACFF700E3BF0C /* Frameworks */,
				B5B8E89F1A9ACFF700E3BF0C /* Resources */,
			);
			buildRules = (
			);
			dependencies = (
				B5B8E8A31A9ACFF700E3BF0C /* PBXTargetDependency */,
			);
			name = "ios-swift-webviewTests";
			productName = "ios-swift-webviewTests";
			productReference = B5B8E8A11A9ACFF700E3BF0C /* ios-swift-webviewTests.xctest */;
			productType = "com.apple.product-type.bundle.unit-test";
		};
/* End PBXNativeTarget section */

/* Begin PBXProject section */
		B5B8E8841A9ACFF700E3BF0C /* Project object */ = {
			isa = PBXProject;
			attributes = {
				LastUpgradeCheck = 0610;
				TargetAttributes = {
					B5B8E88B1A9ACFF700E3BF0C = {
						CreatedOnToolsVersion = 6.1.1;
					};
					B5B8E8A01A9ACFF700E3BF0C = {
						CreatedOnToolsVersion = 6.1.1;
						TestTargetID = B5B8E88B1A9ACFF700E3BF0C;
					};
				};
			};
			buildConfigurationList = B5B8E8871A9ACFF700E3BF0C /* Build configuration list for PBXProject "ios-swift-webview" */;
			compatibilityVersion = "Xcode 3.2";
			developmentRegion = English;
			hasScannedForEncodings = 0;
			knownRegions = (
				en,
				Base,
			);
			mainGroup = B5B8E8831A9ACFF700E3BF0C;
			productRefGroup = B5B8E88D1A9ACFF700E3BF0C /* Products */;
			projectDirPath = "";
			projectRoot = "";
			targets = (
				B5B8E88B1A9ACFF700E3BF0C /* ios-swift-webview */,
				B5B8E8A01A9ACFF700E3BF0C /* ios-swift-webviewTests */,
			);
		};
/* End PBXProject section */

/* Begin PBXResourcesBuildPhase section */
		B5B8E88A1A9ACFF700E3BF0C /* Resources */ = {
			isa = PBXResourcesBuildPhase;
			buildActionMask = 2147483647;
			files = (
				B5B8E8971A9ACFF700E3BF0C /* Main.storyboard in Resources */,
				B5B8E89C1A9ACFF700E3BF0C /* LaunchScreen.xib in Resources */,
				B5B8E8991A9ACFF700E3BF0C /* Images.xcassets in Resources */,
			);
			runOnlyForDeploymentPostprocessing = 0;
		};
		B5B8E89F1A9ACFF700E3BF0C /* Resources */ = {
			isa = PBXResourcesBuildPhase;
			buildActionMask = 2147483647;
			files = (
			);
			runOnlyForDeploymentPostprocessing = 0;
		};
/* End PBXResourcesBuildPhase section */

/* Begin PBXShellScriptBuildPhase section */
		9C654B007427DD6C5F762D83 /* Copy Pods Resources */ = {
			isa = PBXShellScriptBuildPhase;
			buildActionMask = 2147483647;
			files = (
			);
			inputPaths = (
			);
			name = "Copy Pods Resources";
			outputPaths = (
			);
			runOnlyForDeploymentPostprocessing = 0;
			shellPath = /bin/sh;
			shellScript = "\"${SRCROOT}/Pods/Target Support Files/Pods-ios-swift-webview/Pods-ios-swift-webview-resources.sh\"\n";
			showEnvVarsInLog = 0;
		};
		A073E4401119F5642662B257 /* Check Pods Manifest.lock */ = {
			isa = PBXShellScriptBuildPhase;
			buildActionMask = 2147483647;
			files = (
			);
			inputPaths = (
			);
			name = "Check Pods Manifest.lock";
			outputPaths = (
			);
			runOnlyForDeploymentPostprocessing = 0;
			shellPath = /bin/sh;
			shellScript = "diff \"${PODS_ROOT}/../Podfile.lock\" \"${PODS_ROOT}/Manifest.lock\" > /dev/null\nif [[ $? != 0 ]] ; then\n    cat << EOM\nerror: The sandbox is not in sync with the Podfile.lock. Run 'pod install' or update your CocoaPods installation.\nEOM\n    exit 1\nfi\n";
			showEnvVarsInLog = 0;
		};
/* End PBXShellScriptBuildPhase section */

/* Begin PBXSourcesBuildPhase section */
		B5B8E8881A9ACFF700E3BF0C /* Sources */ = {
			isa = PBXSourcesBuildPhase;
			buildActionMask = 2147483647;
			files = (
				B5B8E8B51A9AD8E900E3BF0C /* Tweaks.swift in Sources */,
				B5B8E8941A9ACFF700E3BF0C /* ViewController.swift in Sources */,
				B5B8E8921A9ACFF700E3BF0C /* AppDelegate.swift in Sources */,
			);
			runOnlyForDeploymentPostprocessing = 0;
		};
		B5B8E89D1A9ACFF700E3BF0C /* Sources */ = {
			isa = PBXSourcesBuildPhase;
			buildActionMask = 2147483647;
			files = (
				B5B8E8A81A9ACFF700E3BF0C /* ios_swift_webviewTests.swift in Sources */,
			);
			runOnlyForDeploymentPostprocessing = 0;
		};
/* End PBXSourcesBuildPhase section */

/* Begin PBXTargetDependency section */
		B5B8E8A31A9ACFF700E3BF0C /* PBXTargetDependency */ = {
			isa = PBXTargetDependency;
			target = B5B8E88B1A9ACFF700E3BF0C /* ios-swift-webview */;
			targetProxy = B5B8E8A21A9ACFF700E3BF0C /* PBXContainerItemProxy */;
		};
/* End PBXTargetDependency section */

/* Begin PBXVariantGroup section */
		B5B8E8951A9ACFF700E3BF0C /* Main.storyboard */ = {
			isa = PBXVariantGroup;
			children = (
				B5B8E8961A9ACFF700E3BF0C /* Base */,
			);
			name = Main.storyboard;
			sourceTree = "<group>";
		};
		B5B8E89A1A9ACFF700E3BF0C /* LaunchScreen.xib */ = {
			isa = PBXVariantGroup;
			children = (
				B5B8E89B1A9ACFF700E3BF0C /* Base */,
			);
			name = LaunchScreen.xib;
			sourceTree = "<group>";
		};
/* End PBXVariantGroup section */

/* Begin XCBuildConfiguration section */
		B5B8E8A91A9ACFF700E3BF0C /* Debug */ = {
			isa = XCBuildConfiguration;
			buildSettings = {
				ALWAYS_SEARCH_USER_PATHS = NO;
				CLANG_CXX_LANGUAGE_STANDARD = "gnu++0x";
				CLANG_CXX_LIBRARY = "libc++";
				CLANG_ENABLE_MODULES = YES;
				CLANG_ENABLE_OBJC_ARC = YES;
				CLANG_WARN_BOOL_CONVERSION = YES;
				CLANG_WARN_CONSTANT_CONVERSION = YES;
				CLANG_WARN_DIRECT_OBJC_ISA_USAGE = YES_ERROR;
				CLANG_WARN_EMPTY_BODY = YES;
				CLANG_WARN_ENUM_CONVERSION = YES;
				CLANG_WARN_INT_CONVERSION = YES;
				CLANG_WARN_OBJC_ROOT_CLASS = YES_ERROR;
				CLANG_WARN_UNREACHABLE_CODE = YES;
				CLANG_WARN__DUPLICATE_METHOD_MATCH = YES;
				"CODE_SIGN_IDENTITY[sdk=iphoneos*]" = "iPhone Developer";
				COPY_PHASE_STRIP = NO;
				ENABLE_STRICT_OBJC_MSGSEND = YES;
				GCC_C_LANGUAGE_STANDARD = gnu99;
				GCC_DYNAMIC_NO_PIC = NO;
				GCC_OPTIMIZATION_LEVEL = 0;
				GCC_PREPROCESSOR_DEFINITIONS = (
					"DEBUG=1",
					"$(inherited)",
				);
				GCC_SYMBOLS_PRIVATE_EXTERN = NO;
				GCC_WARN_64_TO_32_BIT_CONVERSION = YES;
				GCC_WARN_ABOUT_RETURN_TYPE = YES_ERROR;
				GCC_WARN_UNDECLARED_SELECTOR = YES;
				GCC_WARN_UNINITIALIZED_AUTOS = YES_AGGRESSIVE;
				GCC_WARN_UNUSED_FUNCTION = YES;
				GCC_WARN_UNUSED_VARIABLE = YES;
				IPHONEOS_DEPLOYMENT_TARGET = 8.1;
				MTL_ENABLE_DEBUG_INFO = YES;
				ONLY_ACTIVE_ARCH = YES;
				SDKROOT = iphoneos;
				SWIFT_OPTIMIZATION_LEVEL = "-Onone";
			};
			name = Debug;
		};
		B5B8E8AA1A9ACFF700E3BF0C /* Release */ = {
			isa = XCBuildConfiguration;
			buildSettings = {
				ALWAYS_SEARCH_USER_PATHS = NO;
				CLANG_CXX_LANGUAGE_STANDARD = "gnu++0x";
				CLANG_CXX_LIBRARY = "libc++";
				CLANG_ENABLE_MODULES = YES;
				CLANG_ENABLE_OBJC_ARC = YES;
				CLANG_WARN_BOOL_CONVERSION = YES;
				CLANG_WARN_CONSTANT_CONVERSION = YES;
				CLANG_WARN_DIRECT_OBJC_ISA_USAGE = YES_ERROR;
				CLANG_WARN_EMPTY_BODY = YES;
				CLANG_WARN_ENUM_CONVERSION = YES;
				CLANG_WARN_INT_CONVERSION = YES;
				CLANG_WARN_OBJC_ROOT_CLASS = YES_ERROR;
				CLANG_WARN_UNREACHABLE_CODE = YES;
				CLANG_WARN__DUPLICATE_METHOD_MATCH = YES;
				"CODE_SIGN_IDENTITY[sdk=iphoneos*]" = "iPhone Developer";
				COPY_PHASE_STRIP = YES;
				ENABLE_NS_ASSERTIONS = NO;
				ENABLE_STRICT_OBJC_MSGSEND = YES;
				GCC_C_LANGUAGE_STANDARD = gnu99;
				GCC_WARN_64_TO_32_BIT_CONVERSION = YES;
				GCC_WARN_ABOUT_RETURN_TYPE = YES_ERROR;
				GCC_WARN_UNDECLARED_SELECTOR = YES;
				GCC_WARN_UNINITIALIZED_AUTOS = YES_AGGRESSIVE;
				GCC_WARN_UNUSED_FUNCTION = YES;
				GCC_WARN_UNUSED_VARIABLE = YES;
				IPHONEOS_DEPLOYMENT_TARGET = 8.1;
				MTL_ENABLE_DEBUG_INFO = NO;
				SDKROOT = iphoneos;
				VALIDATE_PRODUCT = YES;
			};
			name = Release;
		};
		B5B8E8AC1A9ACFF700E3BF0C /* Debug */ = {
			isa = XCBuildConfiguration;
			baseConfigurationReference = 50DF9F2B25DE43AD0887E1A4 /* Pods-ios-swift-webview.debug.xcconfig */;
			buildSettings = {
				ASSETCATALOG_COMPILER_APPICON_NAME = AppIcon;
				INFOPLIST_FILE = "ios-swift-webview/Info.plist";
				LD_RUNPATH_SEARCH_PATHS = "$(inherited) @executable_path/Frameworks";
				PRODUCT_NAME = "$(TARGET_NAME)";
				SWIFT_OBJC_BRIDGING_HEADER = "ios-swift-webview/BridgingHeader.h";
			};
			name = Debug;
		};
		B5B8E8AD1A9ACFF700E3BF0C /* Release */ = {
			isa = XCBuildConfiguration;
			baseConfigurationReference = 1002F6D334675A38CE08D7F5 /* Pods-ios-swift-webview.release.xcconfig */;
			buildSettings = {
				ASSETCATALOG_COMPILER_APPICON_NAME = AppIcon;
				INFOPLIST_FILE = "ios-swift-webview/Info.plist";
				LD_RUNPATH_SEARCH_PATHS = "$(inherited) @executable_path/Frameworks";
				PRODUCT_NAME = "$(TARGET_NAME)";
				SWIFT_OBJC_BRIDGING_HEADER = "ios-swift-webview/BridgingHeader.h";
			};
			name = Release;
		};
		B5B8E8AF1A9ACFF700E3BF0C /* Debug */ = {
			isa = XCBuildConfiguration;
			buildSettings = {
				BUNDLE_LOADER = "$(TEST_HOST)";
				FRAMEWORK_SEARCH_PATHS = (
					"$(SDKROOT)/Developer/Library/Frameworks",
					"$(inherited)",
				);
				GCC_PREPROCESSOR_DEFINITIONS = (
					"DEBUG=1",
					"$(inherited)",
				);
				INFOPLIST_FILE = "ios-swift-webviewTests/Info.plist";
				LD_RUNPATH_SEARCH_PATHS = "$(inherited) @executable_path/Frameworks @loader_path/Frameworks";
				PRODUCT_NAME = "$(TARGET_NAME)";
				TEST_HOST = "$(BUILT_PRODUCTS_DIR)/ios-swift-webview.app/ios-swift-webview";
			};
			name = Debug;
		};
		B5B8E8B01A9ACFF700E3BF0C /* Release */ = {
			isa = XCBuildConfiguration;
			buildSettings = {
				BUNDLE_LOADER = "$(TEST_HOST)";
				FRAMEWORK_SEARCH_PATHS = (
					"$(SDKROOT)/Developer/Library/Frameworks",
					"$(inherited)",
				);
				INFOPLIST_FILE = "ios-swift-webviewTests/Info.plist";
				LD_RUNPATH_SEARCH_PATHS = "$(inherited) @executable_path/Frameworks @loader_path/Frameworks";
				PRODUCT_NAME = "$(TARGET_NAME)";
				TEST_HOST = "$(BUILT_PRODUCTS_DIR)/ios-swift-webview.app/ios-swift-webview";
			};
			name = Release;
		};
/* End XCBuildConfiguration section */

/* Begin XCConfigurationList section */
		B5B8E8871A9ACFF700E3BF0C /* Build configuration list for PBXProject "ios-swift-webview" */ = {
			isa = XCConfigurationList;
			buildConfigurations = (
				B5B8E8A91A9ACFF700E3BF0C /* Debug */,
				B5B8E8AA1A9ACFF700E3BF0C /* Release */,
			);
			defaultConfigurationIsVisible = 0;
			defaultConfigurationName = Release;
		};
		B5B8E8AB1A9ACFF700E3BF0C /* Build configuration list for PBXNativeTarget "ios-swift-webview" */ = {
			isa = XCConfigurationList;
			buildConfigurations = (
				B5B8E8AC1A9ACFF700E3BF0C /* Debug */,
				B5B8E8AD1A9ACFF700E3BF0C /* Release */,
			);
			defaultConfigurationIsVisible = 0;
			defaultConfigurationName = Release;
		};
		B5B8E8AE1A9ACFF700E3BF0C /* Build configuration list for PBXNativeTarget "ios-swift-webviewTests" */ = {
			isa = XCConfigurationList;
			buildConfigurations = (
				B5B8E8AF1A9ACFF700E3BF0C /* Debug */,
				B5B8E8B01A9ACFF700E3BF0C /* Release */,
			);
			defaultConfigurationIsVisible = 0;
			defaultConfigurationName = Release;
		};
/* End XCConfigurationList section */
	};
	rootObject = B5B8E8841A9ACFF700E3BF0C /* Project object */;
}
